
Microsoft Visual Studio Solution File, Format Version 12.00
# Visual Studio Version 17
VisualStudioVersion = 17.8.34330.188
MinimumVisualStudioVersion = 10.0.40219.1
Project("{2150E333-8FDC-42A3-9474-1A3956D46DE8}") = "src", "src", "{D38ADDB3-8B4D-431B-904A-833113E8DFF2}"
EndProject
Project("{FAE04EC0-301F-11D3-BF4B-00C04F79EFBC}") = "Domain", "Domain\Domain.csproj", "{0CB9C47B-FA99-4210-B9CB-D2AC0E439C52}"
EndProject
Project("{FAE04EC0-301F-11D3-BF4B-00C04F79EFBC}") = "Application", "Application\Application.csproj", "{7DC3FF5C-498D-4C0F-A761-1758A28E7D6F}"
EndProject
Project("{FAE04EC0-301F-11D3-BF4B-00C04F79EFBC}") = "Infrastructure", "Infrastructure\Infrastructure.csproj", "{F531C31C-4789-4E26-8A7E-E3B12C8EEEA7}"
EndProject
Project("{FAE04EC0-301F-11D3-BF4B-00C04F79EFBC}") = "WebAPI", "WebAPI\WebAPI.csproj", "{512FA62D-4061-4EDF-8C56-79EC86F285BF}"
EndProject
Project("{FAE04EC0-301F-11D3-BF4B-00C04F79EFBC}") = "Common", "Common\Common.csproj", "{D50A41A6-B51A-412B-A311-A378EC9DD146}"
EndProject
Global
	GlobalSection(SolutionConfigurationPlatforms) = preSolution
		Debug|Any CPU = Debug|Any CPU
		Release|Any CPU = Release|Any CPU
	EndGlobalSection
	GlobalSection(ProjectConfigurationPlatforms) = postSolution
		{0CB9C47B-FA99-4210-B9CB-D2AC0E439C52}.Debug|Any CPU.ActiveCfg = Debug|Any CPU
		{0CB9C47B-FA99-4210-B9CB-D2AC0E439C52}.Debug|Any CPU.Build.0 = Debug|Any CPU
		{0CB9C47B-FA99-4210-B9CB-D2AC0E439C52}.Release|Any CPU.ActiveCfg = Release|Any CPU
		{0CB9C47B-FA99-4210-B9CB-D2AC0E439C52}.Release|Any CPU.Build.0 = Release|Any CPU
		{7DC3FF5C-498D-4C0F-A761-1758A28E7D6F}.Debug|Any CPU.ActiveCfg = Debug|Any CPU
		{7DC3FF5C-498D-4C0F-A761-1758A28E7D6F}.Debug|Any CPU.Build.0 = Debug|Any CPU
		{7DC3FF5C-498D-4C0F-A761-1758A28E7D6F}.Release|Any CPU.ActiveCfg = Release|Any CPU
		{7DC3FF5C-498D-4C0F-A761-1758A28E7D6F}.Release|Any CPU.Build.0 = Release|Any CPU
		{F531C31C-4789-4E26-8A7E-E3B12C8EEEA7}.Debug|Any CPU.ActiveCfg = Debug|Any CPU
		{F531C31C-4789-4E26-8A7E-E3B12C8EEEA7}.Debug|Any CPU.Build.0 = Debug|Any CPU
		{F531C31C-4789-4E26-8A7E-E3B12C8EEEA7}.Release|Any CPU.ActiveCfg = Release|Any CPU
		{F531C31C-4789-4E26-8A7E-E3B12C8EEEA7}.Release|Any CPU.Build.0 = Release|Any CPU
		{512FA62D-4061-4EDF-8C56-79EC86F285BF}.Debug|Any CPU.ActiveCfg = Debug|Any CPU
		{512FA62D-4061-4EDF-8C56-79EC86F285BF}.Debug|Any CPU.Build.0 = Debug|Any CPU
		{512FA62D-4061-4EDF-8C56-79EC86F285BF}.Release|Any CPU.ActiveCfg = Release|Any CPU
		{512FA62D-4061-4EDF-8C56-79EC86F285BF}.Release|Any CPU.Build.0 = Release|Any CPU
		{D50A41A6-B51A-412B-A311-A378EC9DD146}.Debug|Any CPU.ActiveCfg = Debug|Any CPU
		{D50A41A6-B51A-412B-A311-A378EC9DD146}.Debug|Any CPU.Build.0 = Debug|Any CPU
		{D50A41A6-B51A-412B-A311-A378EC9DD146}.Release|Any CPU.ActiveCfg = Release|Any CPU
		{D50A41A6-B51A-412B-A311-A378EC9DD146}.Release|Any CPU.Build.0 = Release|Any CPU
	EndGlobalSection
	GlobalSection(SolutionProperties) = preSolution
		HideSolutionNode = FALSE
	EndGlobalSection
	GlobalSection(NestedProjects) = preSolution
		{0CB9C47B-FA99-4210-B9CB-D2AC0E439C52} = {D38ADDB3-8B4D-431B-904A-833113E8DFF2}
		{7DC3FF5C-498D-4C0F-A761-1758A28E7D6F} = {D38ADDB3-8B4D-431B-904A-833113E8DFF2}
		{F531C31C-4789-4E26-8A7E-E3B12C8EEEA7} = {D38ADDB3-8B4D-431B-904A-833113E8DFF2}
		{512FA62D-4061-4EDF-8C56-79EC86F285BF} = {D38ADDB3-8B4D-431B-904A-833113E8DFF2}
		{D50A41A6-B51A-412B-A311-A378EC9DD146} = {D38ADDB3-8B4D-431B-904A-833113E8DFF2}
	EndGlobalSection
	GlobalSection(ExtensibilityGlobals) = postSolution
		SolutionGuid = {2932F6BC-6F2F-4C16-9AFE-855EBFD1872D}
	EndGlobalSection
EndGlobal
